PODS:
  - GCDWebServer (3.4.2):
    - GCDWebServer/Core (= 3.4.2)
  - GCDWebServer/Core (3.4.2)

DEPENDENCIES:
  - GCDWebServer (~> 3.4.2)

SPEC REPOS:
  https://github.com/cocoapods/specs.git:
    - GCDWebServer

SPEC CHECKSUMS:
  GCDWebServer: 8d67ee9f634b4bb91eb4b8aee440318a5fc6debd

PODFILE CHECKSUM: 5eed52c20e49e477d4fef2da8a08f489dcb11c05

COCOAPODS: 1.5.2
